
Microsoft Visual Studio Solution File, Format Version 12.00
# Visual Studio Version 17
VisualStudioVersion = 17.11.35312.102
MinimumVisualStudioVersion = 10.0.40219.1
Project("{FAE04EC0-301F-11D3-BF4B-00C04F79EFBC}") = "SudokoValidation", "SudokoValidation.csproj", "{496C8D1F-6C20-448A-A548-BCA72A32940D}"
EndProject
Global
	GlobalSection(SolutionConfigurationPlatforms) = preSolution
		Debug|Any CPU = Debug|Any CPU
		Release|Any CPU = Release|Any CPU
	EndGlobalSection
	GlobalSection(ProjectConfigurationPlatforms) = postSolution
		{496C8D1F-6C20-448A-A548-BCA72A32940D}.Debug|Any CPU.ActiveCfg = Debug|Any CPU
		{496C8D1F-6C20-448A-A548-BCA72A32940D}.Debug|Any CPU.Build.0 = Debug|Any CPU
		{496C8D1F-6C20-448A-A548-BCA72A32940D}.Release|Any CPU.ActiveCfg = Release|Any CPU
		{496C8D1F-6C20-448A-A548-BCA72A32940D}.Release|Any CPU.Build.0 = Release|Any CPU
	EndGlobalSection
	GlobalSection(SolutionProperties) = preSolution
		HideSolutionNode = FALSE
	EndGlobalSection
	GlobalSection(ExtensibilityGlobals) = postSolution
		SolutionGuid = {392C4E4B-3988-4560-8D9E-DCAA4C85AD61}
	EndGlobalSection
EndGlobal
